
Microsoft Visual Studio Solution File, Format Version 12.00
# Visual Studio Version 16
VisualStudioVersion = 16.0.31005.135
MinimumVisualStudioVersion = 10.0.40219.1
Project("{2150E333-8FDC-42A3-9474-1A3956D46DE8}") = "Solution Items", "Solution Items", "{BEB599F7-8021-4E01-9200-B9ABF1D9D623}"
	ProjectSection(SolutionItems) = preProject
		.gitignore = .gitignore
		build-nupkg.bat = build-nupkg.bat
		.github\workflows\build.yml = .github\workflows\build.yml
		FSharp.Control.FusionTasks.sln.licenseheader = FSharp.Control.FusionTasks.sln.licenseheader
		LICENSE.txt = LICENSE.txt
		README.md = README.md
	EndProjectSection
EndProject
Project("{2150E333-8FDC-42A3-9474-1A3956D46DE8}") = "Images", "Images", "{5EA37107-7C53-4291-8EAD-543B392CE2B1}"
	ProjectSection(SolutionItems) = preProject
		Images\FSharp.Control.FusionTasks.100.png = Images\FSharp.Control.FusionTasks.100.png
		Images\FSharp.Control.FusionTasks.128.png = Images\FSharp.Control.FusionTasks.128.png
		Images\FSharp.Control.FusionTasks.design = Images\FSharp.Control.FusionTasks.design
	EndProjectSection
EndProject
Project("{6EC3EE1D-3C4E-46DD-8F32-0CC8E7565705}") = "FSharp.Control.FusionTasks", "FSharp.Control.FusionTasks\FSharp.Control.FusionTasks.fsproj", "{43D74C62-B635-447E-B99B-7D3A588B093F}"
EndProject
Project("{6EC3EE1D-3C4E-46DD-8F32-0CC8E7565705}") = "FSharp.Control.FusionTasks.Tests.FS", "FSharp.Control.FusionTasks.Tests.FS\FSharp.Control.FusionTasks.Tests.FS.fsproj", "{053C93E0-E0F1-41FB-9F29-9D9877C685DF}"
EndProject
Project("{9A19103F-16F7-4668-BE54-9A1E7A4F7556}") = "FSharp.Control.FusionTasks.Tests.CS", "FSharp.Control.FusionTasks.Tests.CS\FSharp.Control.FusionTasks.Tests.CS.csproj", "{46EC46A3-A601-4B04-9CB0-0113D01E8F8A}"
EndProject
Project("{9A19103F-16F7-4668-BE54-9A1E7A4F7556}") = "FSharp.Control.FusionTasks.Tests.Ulitilites", "FSharp.Control.FusionTasks.Tests.Ulitilites\FSharp.Control.FusionTasks.Tests.Ulitilites.csproj", "{38570AC1-91BF-47BE-A153-50124376646C}"
EndProject
Global
	GlobalSection(SolutionConfigurationPlatforms) = preSolution
		Debug|Any CPU = Debug|Any CPU
		Release|Any CPU = Release|Any CPU
	EndGlobalSection
	GlobalSection(ProjectConfigurationPlatforms) = postSolution
		{43D74C62-B635-447E-B99B-7D3A588B093F}.Debug|Any CPU.ActiveCfg = Debug|Any CPU
		{43D74C62-B635-447E-B99B-7D3A588B093F}.Debug|Any CPU.Build.0 = Debug|Any CPU
		{43D74C62-B635-447E-B99B-7D3A588B093F}.Release|Any CPU.ActiveCfg = Release|Any CPU
		{43D74C62-B635-447E-B99B-7D3A588B093F}.Release|Any CPU.Build.0 = Release|Any CPU
		{053C93E0-E0F1-41FB-9F29-9D9877C685DF}.Debug|Any CPU.ActiveCfg = Debug|Any CPU
		{053C93E0-E0F1-41FB-9F29-9D9877C685DF}.Debug|Any CPU.Build.0 = Debug|Any CPU
		{053C93E0-E0F1-41FB-9F29-9D9877C685DF}.Release|Any CPU.ActiveCfg = Release|Any CPU
		{053C93E0-E0F1-41FB-9F29-9D9877C685DF}.Release|Any CPU.Build.0 = Release|Any CPU
		{46EC46A3-A601-4B04-9CB0-0113D01E8F8A}.Debug|Any CPU.ActiveCfg = Debug|Any CPU
		{46EC46A3-A601-4B04-9CB0-0113D01E8F8A}.Debug|Any CPU.Build.0 = Debug|Any CPU
		{46EC46A3-A601-4B04-9CB0-0113D01E8F8A}.Release|Any CPU.ActiveCfg = Release|Any CPU
		{46EC46A3-A601-4B04-9CB0-0113D01E8F8A}.Release|Any CPU.Build.0 = Release|Any CPU
		{38570AC1-91BF-47BE-A153-50124376646C}.Debug|Any CPU.ActiveCfg = Debug|Any CPU
		{38570AC1-91BF-47BE-A153-50124376646C}.Debug|Any CPU.Build.0 = Debug|Any CPU
		{38570AC1-91BF-47BE-A153-50124376646C}.Release|Any CPU.ActiveCfg = Release|Any CPU
		{38570AC1-91BF-47BE-A153-50124376646C}.Release|Any CPU.Build.0 = Release|Any CPU
	EndGlobalSection
	GlobalSection(SolutionProperties) = preSolution
		HideSolutionNode = FALSE
	EndGlobalSection
	GlobalSection(NestedProjects) = preSolution
		{5EA37107-7C53-4291-8EAD-543B392CE2B1} = {BEB599F7-8021-4E01-9200-B9ABF1D9D623}
	EndGlobalSection
	GlobalSection(ExtensibilityGlobals) = postSolution
		SolutionGuid = {0FB2B9EE-D327-40E1-BF78-8D8F51B37A1A}
	EndGlobalSection
EndGlobal
